{
  "name": "youtube-ai-bot",
  "version": "1.0.0",
  "lockfileVersion": 3,
  "requires": true,
  "packages": {
    "": {
      "name": "youtube-ai-bot",
      "version": "1.0.0",
      "dependencies": {
        "n8n": "^1.0.0"
      },
      "engines": {
        "node": ">=18.0.0"
      }
    }
  }
}
